
Microsoft Visual Studio Solution File, Format Version 12.00
# Visual Studio Version 17
VisualStudioVersion = 17.8.34525.116
MinimumVisualStudioVersion = 10.0.40219.1
Project("{8BC9CEB8-8B4A-11D0-8D11-00A0C91BC942}") = "S24_Benjamin_Zhang", "S24_Benjamin_Zhang\S24_Benjamin_Zhang.vcxproj", "{708A38A5-6FF8-4E4A-A9A2-4420D1E90291}"
EndProject
Project("{8BC9CEB8-8B4A-11D0-8D11-00A0C91BC942}") = "AmusingDolphins", "AmusingDolphins\AmusingDolphins.vcxproj", "{E6C5A051-5F3C-4D75-BDFA-64EAB6195C3C}"
EndProject
Project("{8BC9CEB8-8B4A-11D0-8D11-00A0C91BC942}") = "glfw", "glfw_build\src\glfw.vcxproj", "{8CF6A66B-7253-39E8-84C0-CB277AB24081}"
EndProject
Project("{8BC9CEB8-8B4A-11D0-8D11-00A0C91BC942}") = "glad", "glad\glad.vcxproj", "{4566ADEC-71EA-45B8-8E8D-8106F0127638}"
EndProject
Project("{8BC9CEB8-8B4A-11D0-8D11-00A0C91BC942}") = "stbi", "stbi\stbi.vcxproj", "{F30C0444-D442-487F-A0F6-99734A47B6F2}"
EndProject
Global
	GlobalSection(SolutionConfigurationPlatforms) = preSolution
		Debug|x64 = Debug|x64
		Debug|x86 = Debug|x86
		MinSizeRel|x64 = MinSizeRel|x64
		MinSizeRel|x86 = MinSizeRel|x86
		Release|x64 = Release|x64
		Release|x86 = Release|x86
		RelWithDebInfo|x64 = RelWithDebInfo|x64
		RelWithDebInfo|x86 = RelWithDebInfo|x86
	EndGlobalSection
	GlobalSection(ProjectConfigurationPlatforms) = postSolution
		{708A38A5-6FF8-4E4A-A9A2-4420D1E90291}.Debug|x64.ActiveCfg = Debug|x64
		{708A38A5-6FF8-4E4A-A9A2-4420D1E90291}.Debug|x64.Build.0 = Debug|x64
		{708A38A5-6FF8-4E4A-A9A2-4420D1E90291}.Debug|x86.ActiveCfg = Debug|Win32
		{708A38A5-6FF8-4E4A-A9A2-4420D1E90291}.Debug|x86.Build.0 = Debug|Win32
		{708A38A5-6FF8-4E4A-A9A2-4420D1E90291}.MinSizeRel|x64.ActiveCfg = Release|x64
		{708A38A5-6FF8-4E4A-A9A2-4420D1E90291}.MinSizeRel|x64.Build.0 = Release|x64
		{708A38A5-6FF8-4E4A-A9A2-4420D1E90291}.MinSizeRel|x86.ActiveCfg = Release|Win32
		{708A38A5-6FF8-4E4A-A9A2-4420D1E90291}.MinSizeRel|x86.Build.0 = Release|Win32
		{708A38A5-6FF8-4E4A-A9A2-4420D1E90291}.Release|x64.ActiveCfg = Release|x64
		{708A38A5-6FF8-4E4A-A9A2-4420D1E90291}.Release|x64.Build.0 = Release|x64
		{708A38A5-6FF8-4E4A-A9A2-4420D1E90291}.Release|x86.ActiveCfg = Release|Win32
		{708A38A5-6FF8-4E4A-A9A2-4420D1E90291}.Release|x86.Build.0 = Release|Win32
		{708A38A5-6FF8-4E4A-A9A2-4420D1E90291}.RelWithDebInfo|x64.ActiveCfg = Release|x64
		{708A38A5-6FF8-4E4A-A9A2-4420D1E90291}.RelWithDebInfo|x64.Build.0 = Release|x64
		{708A38A5-6FF8-4E4A-A9A2-4420D1E90291}.RelWithDebInfo|x86.ActiveCfg = Release|Win32
		{708A38A5-6FF8-4E4A-A9A2-4420D1E90291}.RelWithDebInfo|x86.Build.0 = Release|Win32
		{E6C5A051-5F3C-4D75-BDFA-64EAB6195C3C}.Debug|x64.ActiveCfg = Debug|x64
		{E6C5A051-5F3C-4D75-BDFA-64EAB6195C3C}.Debug|x64.Build.0 = Debug|x64
		{E6C5A051-5F3C-4D75-BDFA-64EAB6195C3C}.Debug|x86.ActiveCfg = Debug|Win32
		{E6C5A051-5F3C-4D75-BDFA-64EAB6195C3C}.Debug|x86.Build.0 = Debug|Win32
		{E6C5A051-5F3C-4D75-BDFA-64EAB6195C3C}.MinSizeRel|x64.ActiveCfg = Release|x64
		{E6C5A051-5F3C-4D75-BDFA-64EAB6195C3C}.MinSizeRel|x64.Build.0 = Release|x64
		{E6C5A051-5F3C-4D75-BDFA-64EAB6195C3C}.MinSizeRel|x86.ActiveCfg = Release|Win32
		{E6C5A051-5F3C-4D75-BDFA-64EAB6195C3C}.MinSizeRel|x86.Build.0 = Release|Win32
		{E6C5A051-5F3C-4D75-BDFA-64EAB6195C3C}.Release|x64.ActiveCfg = Release|x64
		{E6C5A051-5F3C-4D75-BDFA-64EAB6195C3C}.Release|x64.Build.0 = Release|x64
		{E6C5A051-5F3C-4D75-BDFA-64EAB6195C3C}.Release|x86.ActiveCfg = Release|Win32
		{E6C5A051-5F3C-4D75-BDFA-64EAB6195C3C}.Release|x86.Build.0 = Release|Win32
		{E6C5A051-5F3C-4D75-BDFA-64EAB6195C3C}.RelWithDebInfo|x64.ActiveCfg = Release|x64
		{E6C5A051-5F3C-4D75-BDFA-64EAB6195C3C}.RelWithDebInfo|x64.Build.0 = Release|x64
		{E6C5A051-5F3C-4D75-BDFA-64EAB6195C3C}.RelWithDebInfo|x86.ActiveCfg = Release|Win32
		{E6C5A051-5F3C-4D75-BDFA-64EAB6195C3C}.RelWithDebInfo|x86.Build.0 = Release|Win32
		{8CF6A66B-7253-39E8-84C0-CB277AB24081}.Debug|x64.ActiveCfg = Debug|x64
		{8CF6A66B-7253-39E8-84C0-CB277AB24081}.Debug|x64.Build.0 = Debug|x64
		{8CF6A66B-7253-39E8-84C0-CB277AB24081}.Debug|x86.ActiveCfg = Debug|x64
		{8CF6A66B-7253-39E8-84C0-CB277AB24081}.Debug|x86.Build.0 = Debug|x64
		{8CF6A66B-7253-39E8-84C0-CB277AB24081}.MinSizeRel|x64.ActiveCfg = MinSizeRel|x64
		{8CF6A66B-7253-39E8-84C0-CB277AB24081}.MinSizeRel|x64.Build.0 = MinSizeRel|x64
		{8CF6A66B-7253-39E8-84C0-CB277AB24081}.MinSizeRel|x86.ActiveCfg = MinSizeRel|x64
		{8CF6A66B-7253-39E8-84C0-CB277AB24081}.MinSizeRel|x86.Build.0 = MinSizeRel|x64
		{8CF6A66B-7253-39E8-84C0-CB277AB24081}.Release|x64.ActiveCfg = Release|x64
		{8CF6A66B-7253-39E8-84C0-CB277AB24081}.Release|x64.Build.0 = Release|x64
		{8CF6A66B-7253-39E8-84C0-CB277AB24081}.Release|x86.ActiveCfg = Release|x64
		{8CF6A66B-7253-39E8-84C0-CB277AB24081}.Release|x86.Build.0 = Release|x64
		{8CF6A66B-7253-39E8-84C0-CB277AB24081}.RelWithDebInfo|x64.ActiveCfg = RelWithDebInfo|x64
		{8CF6A66B-7253-39E8-84C0-CB277AB24081}.RelWithDebInfo|x64.Build.0 = RelWithDebInfo|x64
		{8CF6A66B-7253-39E8-84C0-CB277AB24081}.RelWithDebInfo|x86.ActiveCfg = RelWithDebInfo|x64
		{8CF6A66B-7253-39E8-84C0-CB277AB24081}.RelWithDebInfo|x86.Build.0 = RelWithDebInfo|x64
		{4566ADEC-71EA-45B8-8E8D-8106F0127638}.Debug|x64.ActiveCfg = Debug|x64
		{4566ADEC-71EA-45B8-8E8D-8106F0127638}.Debug|x64.Build.0 = Debug|x64
		{4566ADEC-71EA-45B8-8E8D-8106F0127638}.Debug|x86.ActiveCfg = Debug|Win32
		{4566ADEC-71EA-45B8-8E8D-8106F0127638}.Debug|x86.Build.0 = Debug|Win32
		{4566ADEC-71EA-45B8-8E8D-8106F0127638}.MinSizeRel|x64.ActiveCfg = Debug|x64
		{4566ADEC-71EA-45B8-8E8D-8106F0127638}.MinSizeRel|x64.Build.0 = Debug|x64
		{4566ADEC-71EA-45B8-8E8D-8106F0127638}.MinSizeRel|x86.ActiveCfg = Debug|Win32
		{4566ADEC-71EA-45B8-8E8D-8106F0127638}.MinSizeRel|x86.Build.0 = Debug|Win32
		{4566ADEC-71EA-45B8-8E8D-8106F0127638}.Release|x64.ActiveCfg = Release|x64
		{4566ADEC-71EA-45B8-8E8D-8106F0127638}.Release|x64.Build.0 = Release|x64
		{4566ADEC-71EA-45B8-8E8D-8106F0127638}.Release|x86.ActiveCfg = Release|Win32
		{4566ADEC-71EA-45B8-8E8D-8106F0127638}.Release|x86.Build.0 = Release|Win32
		{4566ADEC-71EA-45B8-8E8D-8106F0127638}.RelWithDebInfo|x64.ActiveCfg = Release|x64
		{4566ADEC-71EA-45B8-8E8D-8106F0127638}.RelWithDebInfo|x64.Build.0 = Release|x64
		{4566ADEC-71EA-45B8-8E8D-8106F0127638}.RelWithDebInfo|x86.ActiveCfg = Release|Win32
		{4566ADEC-71EA-45B8-8E8D-8106F0127638}.RelWithDebInfo|x86.Build.0 = Release|Win32
		{F30C0444-D442-487F-A0F6-99734A47B6F2}.Debug|x64.ActiveCfg = Debug|x64
		{F30C0444-D442-487F-A0F6-99734A47B6F2}.Debug|x64.Build.0 = Debug|x64
		{F30C0444-D442-487F-A0F6-99734A47B6F2}.Debug|x86.ActiveCfg = Debug|Win32
		{F30C0444-D442-487F-A0F6-99734A47B6F2}.Debug|x86.Build.0 = Debug|Win32
		{F30C0444-D442-487F-A0F6-99734A47B6F2}.MinSizeRel|x64.ActiveCfg = Debug|x64
		{F30C0444-D442-487F-A0F6-99734A47B6F2}.MinSizeRel|x64.Build.0 = Debug|x64
		{F30C0444-D442-487F-A0F6-99734A47B6F2}.MinSizeRel|x86.ActiveCfg = Debug|Win32
		{F30C0444-D442-487F-A0F6-99734A47B6F2}.MinSizeRel|x86.Build.0 = Debug|Win32
		{F30C0444-D442-487F-A0F6-99734A47B6F2}.Release|x64.ActiveCfg = Release|x64
		{F30C0444-D442-487F-A0F6-99734A47B6F2}.Release|x64.Build.0 = Release|x64
		{F30C0444-D442-487F-A0F6-99734A47B6F2}.Release|x86.ActiveCfg = Release|Win32
		{F30C0444-D442-487F-A0F6-99734A47B6F2}.Release|x86.Build.0 = Release|Win32
		{F30C0444-D442-487F-A0F6-99734A47B6F2}.RelWithDebInfo|x64.ActiveCfg = Release|x64
		{F30C0444-D442-487F-A0F6-99734A47B6F2}.RelWithDebInfo|x64.Build.0 = Release|x64
		{F30C0444-D442-487F-A0F6-99734A47B6F2}.RelWithDebInfo|x86.ActiveCfg = Release|Win32
		{F30C0444-D442-487F-A0F6-99734A47B6F2}.RelWithDebInfo|x86.Build.0 = Release|Win32
	EndGlobalSection
	GlobalSection(SolutionProperties) = preSolution
		HideSolutionNode = FALSE
	EndGlobalSection
	GlobalSection(ExtensibilityGlobals) = postSolution
		SolutionGuid = {463BE696-508E-4A40-BE28-775388C46B32}
	EndGlobalSection
EndGlobal
